
Microsoft Visual Studio Solution File, Format Version 12.00
# Visual Studio 15
VisualStudioVersion = 15.0.28010.2003
MinimumVisualStudioVersion = 10.0.40219.1
Project("{9A19103F-16F7-4668-BE54-9A1E7A4F7556}") = "UserManagement", "UserManagement\UserManagement.csproj", "{19682D9F-91AD-4B27-83F9-2DCE34E63C01}"
	ProjectSection(ProjectDependencies) = postProject
		{B28B0F26-D5BD-49CE-B11E-9197CD794801} = {B28B0F26-D5BD-49CE-B11E-9197CD794801}
		{888FF764-554D-4356-B7E9-21E6FECBCA2D} = {888FF764-554D-4356-B7E9-21E6FECBCA2D}
	EndProjectSection
EndProject
Project("{9A19103F-16F7-4668-BE54-9A1E7A4F7556}") = "UserManagement.Services", "UserManagement.Services\UserManagement.Services.csproj", "{888FF764-554D-4356-B7E9-21E6FECBCA2D}"
	ProjectSection(ProjectDependencies) = postProject
		{B28B0F26-D5BD-49CE-B11E-9197CD794801} = {B28B0F26-D5BD-49CE-B11E-9197CD794801}
	EndProjectSection
EndProject
Project("{9A19103F-16F7-4668-BE54-9A1E7A4F7556}") = "UserManagement.Entities", "UserManagement.Entities\UserManagement.Entities.csproj", "{B28B0F26-D5BD-49CE-B11E-9197CD794801}"
EndProject
Project("{9A19103F-16F7-4668-BE54-9A1E7A4F7556}") = "UserManagement.Services.Tests", "UserManagement.Services.Test\UserManagement.Services.Tests.csproj", "{95E6E4D0-F392-4E32-BC25-9800785FD328}"
	ProjectSection(ProjectDependencies) = postProject
		{888FF764-554D-4356-B7E9-21E6FECBCA2D} = {888FF764-554D-4356-B7E9-21E6FECBCA2D}
	EndProjectSection
EndProject
Project("{FAE04EC0-301F-11D3-BF4B-00C04F79EFBC}") = "UserManagement.Tests", "UserManagement.Tests\UserManagement.Tests.csproj", "{3206252D-4D4C-46FD-A1EC-EA62EF9CF866}"
EndProject
Global
	GlobalSection(SolutionConfigurationPlatforms) = preSolution
		Debug|Any CPU = Debug|Any CPU
		Release|Any CPU = Release|Any CPU
	EndGlobalSection
	GlobalSection(ProjectConfigurationPlatforms) = postSolution
		{19682D9F-91AD-4B27-83F9-2DCE34E63C01}.Debug|Any CPU.ActiveCfg = Debug|Any CPU
		{19682D9F-91AD-4B27-83F9-2DCE34E63C01}.Debug|Any CPU.Build.0 = Debug|Any CPU
		{19682D9F-91AD-4B27-83F9-2DCE34E63C01}.Release|Any CPU.ActiveCfg = Release|Any CPU
		{19682D9F-91AD-4B27-83F9-2DCE34E63C01}.Release|Any CPU.Build.0 = Release|Any CPU
		{888FF764-554D-4356-B7E9-21E6FECBCA2D}.Debug|Any CPU.ActiveCfg = Debug|Any CPU
		{888FF764-554D-4356-B7E9-21E6FECBCA2D}.Debug|Any CPU.Build.0 = Debug|Any CPU
		{888FF764-554D-4356-B7E9-21E6FECBCA2D}.Release|Any CPU.ActiveCfg = Release|Any CPU
		{888FF764-554D-4356-B7E9-21E6FECBCA2D}.Release|Any CPU.Build.0 = Release|Any CPU
		{B28B0F26-D5BD-49CE-B11E-9197CD794801}.Debug|Any CPU.ActiveCfg = Debug|Any CPU
		{B28B0F26-D5BD-49CE-B11E-9197CD794801}.Debug|Any CPU.Build.0 = Debug|Any CPU
		{B28B0F26-D5BD-49CE-B11E-9197CD794801}.Release|Any CPU.ActiveCfg = Release|Any CPU
		{B28B0F26-D5BD-49CE-B11E-9197CD794801}.Release|Any CPU.Build.0 = Release|Any CPU
		{95E6E4D0-F392-4E32-BC25-9800785FD328}.Debug|Any CPU.ActiveCfg = Debug|Any CPU
		{95E6E4D0-F392-4E32-BC25-9800785FD328}.Debug|Any CPU.Build.0 = Debug|Any CPU
		{95E6E4D0-F392-4E32-BC25-9800785FD328}.Release|Any CPU.ActiveCfg = Release|Any CPU
		{95E6E4D0-F392-4E32-BC25-9800785FD328}.Release|Any CPU.Build.0 = Release|Any CPU
		{3206252D-4D4C-46FD-A1EC-EA62EF9CF866}.Debug|Any CPU.ActiveCfg = Debug|Any CPU
		{3206252D-4D4C-46FD-A1EC-EA62EF9CF866}.Debug|Any CPU.Build.0 = Debug|Any CPU
		{3206252D-4D4C-46FD-A1EC-EA62EF9CF866}.Release|Any CPU.ActiveCfg = Release|Any CPU
		{3206252D-4D4C-46FD-A1EC-EA62EF9CF866}.Release|Any CPU.Build.0 = Release|Any CPU
	EndGlobalSection
	GlobalSection(SolutionProperties) = preSolution
		HideSolutionNode = FALSE
	EndGlobalSection
	GlobalSection(ExtensibilityGlobals) = postSolution
		SolutionGuid = {BAFC2C08-1BDD-4BC3-B62B-3E0412C0EE7B}
	EndGlobalSection
EndGlobal
